{
  "name": "cyber-bowie",
  "version": "0.1.0",
  "lockfileVersion": 3,
  "requires": true,
  "packages": {
    "": {
      "name": "cyber-bowie",
      "version": "0.1.0",
      "workspaces": [
        "packages/*"
      ],
      "devDependencies": {
        "typescript": "^5.8.3"
      }
    },
    "node_modules/@cyber-bowie/pi-agent-core": {
      "resolved": "packages/pi-agent-core",
      "link": true
    },
    "node_modules/@cyber-bowie/pi-ai": {
      "resolved": "packages/pi-ai",
      "link": true
    },
    "node_modules/@cyber-bowie/pi-coding-agent": {
      "resolved": "packages/pi-coding-agent",
      "link": true
    },
    "node_modules/typescript": {
      "version": "5.9.3",
      "resolved": "https://registry.npmmirror.com/typescript/-/typescript-5.9.3.tgz",
      "integrity": "sha512-jl1vZzPDinLr9eUt3J/t7V6FgNEw9QjvBPdysz9KfQDD41fQrC2Y4vKQdiaUpFT4bXlb1RHhLpp8wtm6M5TgSw==",
      "dev": true,
      "license": "Apache-2.0",
      "bin": {
        "tsc": "bin/tsc",
        "tsserver": "bin/tsserver"
      },
      "engines": {
        "node": ">=14.17"
      }
    },
    "packages/pi-agent-core": {
      "name": "@cyber-bowie/pi-agent-core",
      "version": "0.1.0",
      "dependencies": {
        "@cyber-bowie/pi-ai": "0.1.0"
      }
    },
    "packages/pi-ai": {
      "name": "@cyber-bowie/pi-ai",
      "version": "0.1.0"
    },
    "packages/pi-coding-agent": {
      "name": "@cyber-bowie/pi-coding-agent",
      "version": "0.1.0",
      "dependencies": {
        "@cyber-bowie/pi-agent-core": "0.1.0",
        "@cyber-bowie/pi-ai": "0.1.0"
      },
      "bin": {
        "pi-coding-agent": "dist/index.js"
      }
    }
  }
}
